
Microsoft Visual Studio Solution File, Format Version 12.00
# Visual Studio 2013
VisualStudioVersion = 12.0.21005.1
MinimumVisualStudioVersion = 10.0.40219.1
Project("{FAE04EC0-301F-11D3-BF4B-00C04F79EFBC}") = "Processor", "Processor\Processor.csproj", "{A22B0500-25A9-47B4-B85D-DCFCCB0714B1}"
EndProject
Project("{FAE04EC0-301F-11D3-BF4B-00C04F79EFBC}") = "Pipeline", "Pipeline\Pipeline.csproj", "{0B448D4B-F08C-45B8-9E64-38B75DDC1BED}"
EndProject
Project("{2150E333-8FDC-42A3-9474-1A3956D46DE8}") = "Resources", "Resources", "{DE581BB1-DACC-4C51-9469-A3A30E254D8A}"
	ProjectSection(SolutionItems) = preProject
		Resources\listings.txt = Resources\listings.txt
		Resources\products.txt = Resources\products.txt
	EndProjectSection
EndProject
Project("{FAE04EC0-301F-11D3-BF4B-00C04F79EFBC}") = "Pipeline.UnitTests", "PipelineTests\Pipeline.UnitTests.csproj", "{20F0002D-1ECC-49D7-9EE7-1AA263BB3624}"
EndProject
Global
	GlobalSection(SolutionConfigurationPlatforms) = preSolution
		Debug|Any CPU = Debug|Any CPU
		DebugMono|Any CPU = DebugMono|Any CPU
		Release|Any CPU = Release|Any CPU
	EndGlobalSection
	GlobalSection(ProjectConfigurationPlatforms) = postSolution
		{A22B0500-25A9-47B4-B85D-DCFCCB0714B1}.Debug|Any CPU.ActiveCfg = Debug|Any CPU
		{A22B0500-25A9-47B4-B85D-DCFCCB0714B1}.Debug|Any CPU.Build.0 = Debug|Any CPU
		{A22B0500-25A9-47B4-B85D-DCFCCB0714B1}.DebugMono|Any CPU.ActiveCfg = DebugMono|Any CPU
		{A22B0500-25A9-47B4-B85D-DCFCCB0714B1}.DebugMono|Any CPU.Build.0 = DebugMono|Any CPU
		{A22B0500-25A9-47B4-B85D-DCFCCB0714B1}.Release|Any CPU.ActiveCfg = Release|Any CPU
		{A22B0500-25A9-47B4-B85D-DCFCCB0714B1}.Release|Any CPU.Build.0 = Release|Any CPU
		{0B448D4B-F08C-45B8-9E64-38B75DDC1BED}.Debug|Any CPU.ActiveCfg = Debug|Any CPU
		{0B448D4B-F08C-45B8-9E64-38B75DDC1BED}.Debug|Any CPU.Build.0 = Debug|Any CPU
		{0B448D4B-F08C-45B8-9E64-38B75DDC1BED}.DebugMono|Any CPU.ActiveCfg = DebugMono|Any CPU
		{0B448D4B-F08C-45B8-9E64-38B75DDC1BED}.DebugMono|Any CPU.Build.0 = DebugMono|Any CPU
		{0B448D4B-F08C-45B8-9E64-38B75DDC1BED}.Release|Any CPU.ActiveCfg = Release|Any CPU
		{0B448D4B-F08C-45B8-9E64-38B75DDC1BED}.Release|Any CPU.Build.0 = Release|Any CPU
		{20F0002D-1ECC-49D7-9EE7-1AA263BB3624}.Debug|Any CPU.ActiveCfg = Debug|Any CPU
		{20F0002D-1ECC-49D7-9EE7-1AA263BB3624}.Debug|Any CPU.Build.0 = Debug|Any CPU
		{20F0002D-1ECC-49D7-9EE7-1AA263BB3624}.DebugMono|Any CPU.ActiveCfg = DebugMono|Any CPU
		{20F0002D-1ECC-49D7-9EE7-1AA263BB3624}.Release|Any CPU.ActiveCfg = Release|Any CPU
	EndGlobalSection
	GlobalSection(SolutionProperties) = preSolution
		HideSolutionNode = FALSE
	EndGlobalSection
EndGlobal
